PODS:
  - Masonry (1.1.0)
  - MJExtension (3.3.0)

DEPENDENCIES:
  - Masonry
  - MJExtension

SPEC REPOS:
  trunk:
    - Masonry
    - MJExtension

SPEC CHECKSUMS:
  Masonry: 678fab65091a9290e40e2832a55e7ab731aad201
  MJExtension: 01704cca2b60a214c10761b6491eab74069d68a9

PODFILE CHECKSUM: 7d8ffd9ec5dbe46e9bc3c914657cd356eaf24d1d

COCOAPODS: 1.11.2
